
Microsoft Visual Studio Solution File, Format Version 12.00
# Visual Studio 15
VisualStudioVersion = 15.0.28307.1259
MinimumVisualStudioVersion = 10.0.40219.1
Project("{8BC9CEB8-8B4A-11D0-8D11-00A0C91BC942}") = "C_LISP_Interpreter", "C_LISP_Interpreter\C_LISP_Interpreter.vcxproj", "{6AD6861B-6FDB-4E67-A3E4-60894676B0DD}"
EndProject
Global
	GlobalSection(SolutionConfigurationPlatforms) = preSolution
		Debug|x64 = Debug|x64
		Debug|x86 = Debug|x86
		Release|x64 = Release|x64
		Release|x86 = Release|x86
	EndGlobalSection
	GlobalSection(ProjectConfigurationPlatforms) = postSolution
		{6AD6861B-6FDB-4E67-A3E4-60894676B0DD}.Debug|x64.ActiveCfg = Debug|x64
		{6AD6861B-6FDB-4E67-A3E4-60894676B0DD}.Debug|x64.Build.0 = Debug|x64
		{6AD6861B-6FDB-4E67-A3E4-60894676B0DD}.Debug|x86.ActiveCfg = Debug|Win32
		{6AD6861B-6FDB-4E67-A3E4-60894676B0DD}.Debug|x86.Build.0 = Debug|Win32
		{6AD6861B-6FDB-4E67-A3E4-60894676B0DD}.Release|x64.ActiveCfg = Release|x64
		{6AD6861B-6FDB-4E67-A3E4-60894676B0DD}.Release|x64.Build.0 = Release|x64
		{6AD6861B-6FDB-4E67-A3E4-60894676B0DD}.Release|x86.ActiveCfg = Release|Win32
		{6AD6861B-6FDB-4E67-A3E4-60894676B0DD}.Release|x86.Build.0 = Release|Win32
	EndGlobalSection
	GlobalSection(SolutionProperties) = preSolution
		HideSolutionNode = FALSE
	EndGlobalSection
	GlobalSection(ExtensibilityGlobals) = postSolution
		SolutionGuid = {E11D9513-23DB-4108-ABFA-7CBF3C7DEC8D}
	EndGlobalSection
EndGlobal
